{
  "name": "???",
  "version": "0.0.1",
  "lockfileVersion": 1,
  "requires": true,
  "dependencies": {
    "eslint-config-jessie": {
      "version": "0.0.3",
      "resolved": "https://registry.npmjs.org/eslint-config-jessie/-/eslint-config-jessie-0.0.3.tgz",
      "integrity": "sha512-L1JpgIZ+mXfKjTnVSykEknxvPHo14JHlkjfxmHBfCiOtF4CWq0H4EB1fUoxldjP1x87xZu0c0+WPqyqbvnFVxA==",
      "dev": true,
      "requires": {
        "requireindex": "^1.2.0"
      }
    },
    "requireindex": {
      "version": "1.2.0",
      "resolved": "https://registry.npmjs.org/requireindex/-/requireindex-1.2.0.tgz",
      "integrity": "sha512-L9jEkOi3ASd9PYit2cwRfyppc9NoABujTP8/5gFcbERmo5jUoAKovIC3fsF17pkTnGsrByysqX+Kxd2OTNI1ww==",
      "dev": true
    }
  }
}
