{
  "name": "endo-sample",
  "version": "1.0.0",
  "lockfileVersion": 2,
  "requires": true,
  "packages": {
    "": {
      "name": "endo-sample",
      "version": "1.0.0",
      "license": "ISC",
      "dependencies": {
        "dotenv": "^16.0.1",
        "entropoetry": "2.0.0-alpha4"
      }
    },
    "node_modules/bn.js": {
      "version": "4.12.0",
      "resolved": "https://registry.npmjs.org/bn.js/-/bn.js-4.12.0.tgz",
      "integrity": "sha512-c98Bf3tPniI+scsdk237ku1Dc3ujXQTSgyiPUDEOe7tRkhrqridvh8klBv0HCEso1OLOYcHuCv/cS6DNxKH+ZA=="
    },
    "node_modules/dotenv": {
      "version": "16.0.1",
      "resolved": "https://registry.npmjs.org/dotenv/-/dotenv-16.0.1.tgz",
      "integrity": "sha512-1K6hR6wtk2FviQ4kEiSjFiH5rpzEVi8WW0x96aztHVMhEspNpc4DVOUTEHtEva5VThQ8IaBX1Pe4gSzpVVUsKQ==",
      "engines": {
        "node": ">=12"
      }
    },
    "node_modules/entropoetry": {
      "version": "2.0.0-alpha4",
      "resolved": "https://registry.npmjs.org/entropoetry/-/entropoetry-2.0.0-alpha4.tgz",
      "integrity": "sha512-8YVIyyLkH8P30ATMiy2/Ns5FJF11LHp6oKVenmNIdorKm3U/8e/vZYk9QGEj5jOVog1nALuYAkv9wiBUmcLr2A==",
      "dependencies": {
        "bn.js": "^4.11.6"
      }
    }
  },
  "dependencies": {
    "bn.js": {
      "version": "4.12.0",
      "resolved": "https://registry.npmjs.org/bn.js/-/bn.js-4.12.0.tgz",
      "integrity": "sha512-c98Bf3tPniI+scsdk237ku1Dc3ujXQTSgyiPUDEOe7tRkhrqridvh8klBv0HCEso1OLOYcHuCv/cS6DNxKH+ZA=="
    },
    "dotenv": {
      "version": "16.0.1",
      "resolved": "https://registry.npmjs.org/dotenv/-/dotenv-16.0.1.tgz",
      "integrity": "sha512-1K6hR6wtk2FviQ4kEiSjFiH5rpzEVi8WW0x96aztHVMhEspNpc4DVOUTEHtEva5VThQ8IaBX1Pe4gSzpVVUsKQ=="
    },
    "entropoetry": {
      "version": "2.0.0-alpha4",
      "resolved": "https://registry.npmjs.org/entropoetry/-/entropoetry-2.0.0-alpha4.tgz",
      "integrity": "sha512-8YVIyyLkH8P30ATMiy2/Ns5FJF11LHp6oKVenmNIdorKm3U/8e/vZYk9QGEj5jOVog1nALuYAkv9wiBUmcLr2A==",
      "requires": {
        "bn.js": "^4.11.6"
      }
    }
  }
}
